        version: 1.0.12(@langchain/core@0.3.68(@opentelemetry/api@1.9.0)(@opentelemetry/sdk-trace-base@1.30.1(@opentelemetry/api@1.9.0))(openai@5.12.2(ws@8.18.3)(zod@3.25.67)))(encoding@0.1.13)(langchain@0.3.30(e7c2f10ddf33088da1e6affdf0fc6c0a))
        version: 0.3.50(7d9026709e640c92cdf2ea22646a0399)
        version: 0.3.30(e7c2f10ddf33088da1e6affdf0fc6c0a)
      pg:
        specifier: 8.12.0
        version: 8.12.0
  vue-component-type-helpers@3.0.7:
    resolution: {integrity: sha512-TvyUcFXmjZcXUvU+r1MOyn4/vv4iF+tPwg5Ig33l/FJ3myZkxeQpzzQMLMFWcQAjr6Xs7BRwVy/TwbmNZUA/4w==}
      axios-retry: 4.5.0(axios@1.11.0)
  '@getzep/zep-cloud@1.0.12(@langchain/core@0.3.68(@opentelemetry/api@1.9.0)(@opentelemetry/sdk-trace-base@1.30.1(@opentelemetry/api@1.9.0))(openai@5.12.2(ws@8.18.3)(zod@3.25.67)))(encoding@0.1.13)(langchain@0.3.30(e7c2f10ddf33088da1e6affdf0fc6c0a))':
      langchain: 0.3.30(e7c2f10ddf33088da1e6affdf0fc6c0a)
  '@langchain/community@0.3.50(7d9026709e640c92cdf2ea22646a0399)':
      langchain: 0.3.30(e7c2f10ddf33088da1e6affdf0fc6c0a)
      '@getzep/zep-cloud': 1.0.12(@langchain/core@0.3.68(@opentelemetry/api@1.9.0)(@opentelemetry/sdk-trace-base@1.30.1(@opentelemetry/api@1.9.0))(openai@5.12.2(ws@8.18.3)(zod@3.25.67)))(encoding@0.1.13)(langchain@0.3.30(e7c2f10ddf33088da1e6affdf0fc6c0a))
      vue-component-type-helpers: 3.0.7
      debug: 3.2.7(supports-color@8.1.1)
      debug: 3.2.7(supports-color@8.1.1)
      debug: 3.2.7(supports-color@8.1.1)
      debug: 3.2.7(supports-color@8.1.1)
      axios: 1.11.0(debug@4.3.6)
      retry-axios: 2.6.0(axios@1.11.0(debug@4.4.1))
  langchain@0.3.30(e7c2f10ddf33088da1e6affdf0fc6c0a):
      debug: 3.2.7(supports-color@8.1.1)
  retry-axios@2.6.0(axios@1.11.0(debug@4.4.1)):
      debug: 3.2.7(supports-color@8.1.1)
  vue-component-type-helpers@3.0.7: {}
